
Microsoft Visual Studio Solution File, Format Version 12.00
# Visual Studio Version 16
VisualStudioVersion = 16.0.31515.178
MinimumVisualStudioVersion = 10.0.40219.1
Project("{9A19103F-16F7-4668-BE54-9A1E7A4F7556}") = "API.Article", "API.Comment\API.Article.csproj", "{8DE8AF9D-0094-4177-BFE2-7092CBA9627C}"
EndProject
Global
	GlobalSection(SolutionConfigurationPlatforms) = preSolution
		Debug|Any CPU = Debug|Any CPU
		Release|Any CPU = Release|Any CPU
	EndGlobalSection
	GlobalSection(ProjectConfigurationPlatforms) = postSolution
		{8DE8AF9D-0094-4177-BFE2-7092CBA9627C}.Debug|Any CPU.ActiveCfg = Debug|Any CPU
		{8DE8AF9D-0094-4177-BFE2-7092CBA9627C}.Debug|Any CPU.Build.0 = Debug|Any CPU
		{8DE8AF9D-0094-4177-BFE2-7092CBA9627C}.Release|Any CPU.ActiveCfg = Release|Any CPU
		{8DE8AF9D-0094-4177-BFE2-7092CBA9627C}.Release|Any CPU.Build.0 = Release|Any CPU
	EndGlobalSection
	GlobalSection(SolutionProperties) = preSolution
		HideSolutionNode = FALSE
	EndGlobalSection
	GlobalSection(ExtensibilityGlobals) = postSolution
		SolutionGuid = {2E44F600-FE89-4D01-B1DE-76E8DA878F20}
	EndGlobalSection
EndGlobal
